
Microsoft Visual Studio Solution File, Format Version 12.00
# Visual Studio Version 16
VisualStudioVersion = 16.0.31702.278
MinimumVisualStudioVersion = 10.0.40219.1
Project("{FAE04EC0-301F-11D3-BF4B-00C04F79EFBC}") = "Practica", "Practica\Practica.csproj", "{14693EF1-2EEF-4E6B-A24A-9AD47D2B084A}"
EndProject
Global
	GlobalSection(SolutionConfigurationPlatforms) = preSolution
		Debug|Any CPU = Debug|Any CPU
		Release|Any CPU = Release|Any CPU
	EndGlobalSection
	GlobalSection(ProjectConfigurationPlatforms) = postSolution
		{14693EF1-2EEF-4E6B-A24A-9AD47D2B084A}.Debug|Any CPU.ActiveCfg = Debug|Any CPU
		{14693EF1-2EEF-4E6B-A24A-9AD47D2B084A}.Debug|Any CPU.Build.0 = Debug|Any CPU
		{14693EF1-2EEF-4E6B-A24A-9AD47D2B084A}.Release|Any CPU.ActiveCfg = Release|Any CPU
		{14693EF1-2EEF-4E6B-A24A-9AD47D2B084A}.Release|Any CPU.Build.0 = Release|Any CPU
	EndGlobalSection
	GlobalSection(SolutionProperties) = preSolution
		HideSolutionNode = FALSE
	EndGlobalSection
	GlobalSection(ExtensibilityGlobals) = postSolution
		SolutionGuid = {8792516C-9BD9-4B46-B84D-B1659AEBF2A1}
	EndGlobalSection
EndGlobal
